// !$*UTF8*$!
{
	archiveVersion = 1;
	classes = {
	};
	objectVersion = 46;
	objects = {

/* Begin PBXBuildFile section */
		D25E67EC16BB5CEF00100FEA /* UIKit.framework in Frameworks */ = {isa = PBXBuildFile; fileRef = D25E67EB16BB5CEF00100FEA /* UIKit.framework */; };
		D25E67EE16BB5CEF00100FEA /* Foundation.framework in Frameworks */ = {isa = PBXBuildFile; fileRef = D25E67ED16BB5CEF00100FEA /* Foundation.framework */; };
		D25E67F016BB5CEF00100FEA /* CoreGraphics.framework in Frameworks */ = {isa = PBXBuildFile; fileRef = D25E67EF16BB5CEF00100FEA /* CoreGraphics.framework */; };
		D25E67F616BB5CEF00100FEA /* InfoPlist.strings in Resources */ = {isa = PBXBuildFile; fileRef = D25E67F416BB5CEF00100FEA /* InfoPlist.strings */; };
		D25E67F816BB5CEF00100FEA /* main.m in Sources */ = {isa = PBXBuildFile; fileRef = D25E67F716BB5CEF00100FEA /* main.m */; };
		D25E67FC16BB5CEF00100FEA /* AppDelegate.m in Sources */ = {isa = PBXBuildFile; fileRef = D25E67FB16BB5CEF00100FEA /* AppDelegate.m */; };
		D25E67FE16BB5CEF00100FEA /* Default.png in Resources */ = {isa = PBXBuildFile; fileRef = D25E67FD16BB5CEF00100FEA /* Default.png */; };
		D25E680016BB5CEF00100FEA /* Default@2x.png in Resources */ = {isa = PBXBuildFile; fileRef = D25E67FF16BB5CEF00100FEA /* Default@2x.png */; };
		D25E680216BB5CEF00100FEA /* Default-568h@2x.png in Resources */ = {isa = PBXBuildFile; fileRef = D25E680116BB5CEF00100FEA /* Default-568h@2x.png */; };
		D25E680816BB5CEF00100FEA /* HomeViewController.m in Sources */ = {isa = PBXBuildFile; fileRef = D25E680716BB5CEF00100FEA /* HomeViewController.m */; };
		D25E680F16BB774900100FEA /* CFNetwork.framework in Frameworks */ = {isa = PBXBuildFile; fileRef = D25E680E16BB774900100FEA /* CFNetwork.framework */; };
		D25E681116BB775C00100FEA /* CoreData.framework in Frameworks */ = {isa = PBXBuildFile; fileRef = D25E681016BB775C00100FEA /* CoreData.framework */; };
		D25E682F16C08FD800100FEA /* AuthViewController.m in Sources */ = {isa = PBXBuildFile; fileRef = D25E682E16C08FD800100FEA /* AuthViewController.m */; };
		D25E683216C08FE900100FEA /* MapViewController.m in Sources */ = {isa = PBXBuildFile; fileRef = D25E683116C08FE900100FEA /* MapViewController.m */; };
		D25E683516C0919000100FEA /* User.m in Sources */ = {isa = PBXBuildFile; fileRef = D25E683416C0919000100FEA /* User.m */; };
		D25E683816C091A100100FEA /* Ride.m in Sources */ = {isa = PBXBuildFile; fileRef = D25E683716C091A100100FEA /* Ride.m */; };
		D25E683B16C1AC4200100FEA /* History.m in Sources */ = {isa = PBXBuildFile; fileRef = D25E683A16C1AC4200100FEA /* History.m */; };
		D25E683E16C1AC5D00100FEA /* Settings.m in Sources */ = {isa = PBXBuildFile; fileRef = D25E683D16C1AC5D00100FEA /* Settings.m */; };
		D28E4E1E16C5C0F90053CB91 /* CoreMotion.framework in Frameworks */ = {isa = PBXBuildFile; fileRef = D28E4E1D16C5C0F90053CB91 /* CoreMotion.framework */; };
		D294479816CB132C0022D96A /* CoreLocation.framework in Frameworks */ = {isa = PBXBuildFile; fileRef = D294479716CB132C0022D96A /* CoreLocation.framework */; };
		D29447A216CC41FD0022D96A /* TimeDisplay.m in Sources */ = {isa = PBXBuildFile; fileRef = D29447A116CC41FD0022D96A /* TimeDisplay.m */; };
		D29447A516CC50C60022D96A /* DistanceDisplay.m in Sources */ = {isa = PBXBuildFile; fileRef = D29447A416CC50C60022D96A /* DistanceDisplay.m */; };
		D29447A816CC50D50022D96A /* SpeedDisplay.m in Sources */ = {isa = PBXBuildFile; fileRef = D29447A716CC50D50022D96A /* SpeedDisplay.m */; };
		D29447AB16CC87B70022D96A /* TabBarController.m in Sources */ = {isa = PBXBuildFile; fileRef = D29447AA16CC87B70022D96A /* TabBarController.m */; };
		D2A37F3616F00F7C0094B808 /* HomeView.m in Sources */ = {isa = PBXBuildFile; fileRef = D2A37F3516F00F7C0094B808 /* HomeView.m */; };
		D2A37F3916F026150094B808 /* MainStoryboard.storyboard in Resources */ = {isa = PBXBuildFile; fileRef = D2A37F3716F026150094B808 /* MainStoryboard.storyboard */; };
		D2AA1F6A16DD9B82002B75D9 /* Route.m in Sources */ = {isa = PBXBuildFile; fileRef = D2AA1F6916DD9B82002B75D9 /* Route.m */; };
		D2AA1F6D16DDA1D1002B75D9 /* RouteView.m in Sources */ = {isa = PBXBuildFile; fileRef = D2AA1F6C16DDA1D1002B75D9 /* RouteView.m */; };
		D2F2B66516D4648600E9188F /* GoogleMaps.framework in Frameworks */ = {isa = PBXBuildFile; fileRef = D2F2B66416D4648600E9188F /* GoogleMaps.framework */; };
		D2F2B66916D464EF00E9188F /* GoogleMaps.bundle in Resources */ = {isa = PBXBuildFile; fileRef = D2F2B66816D464EF00E9188F /* GoogleMaps.bundle */; };
		D2F2B66B16D465A600E9188F /* AVFoundation.framework in Frameworks */ = {isa = PBXBuildFile; fileRef = D2F2B66A16D465A600E9188F /* AVFoundation.framework */; };
		D2F2B66D16D465B700E9188F /* CoreText.framework in Frameworks */ = {isa = PBXBuildFile; fileRef = D2F2B66C16D465B700E9188F /* CoreText.framework */; };
		D2F2B66F16D465BE00E9188F /* GLKit.framework in Frameworks */ = {isa = PBXBuildFile; fileRef = D2F2B66E16D465BE00E9188F /* GLKit.framework */; };
		D2F2B67116D465C700E9188F /* ImageIO.framework in Frameworks */ = {isa = PBXBuildFile; fileRef = D2F2B67016D465C700E9188F /* ImageIO.framework */; };
		D2F2B67316D465D500E9188F /* libicucore.dylib in Frameworks */ = {isa = PBXBuildFile; fileRef = D2F2B67216D465D500E9188F /* libicucore.dylib */; };
		D2F2B67516D465E000E9188F /* libstdc++.dylib in Frameworks */ = {isa = PBXBuildFile; fileRef = D2F2B67416D465E000E9188F /* libstdc++.dylib */; };
		D2F2B67716D465EA00E9188F /* libz.dylib in Frameworks */ = {isa = PBXBuildFile; fileRef = D2F2B67616D465EA00E9188F /* libz.dylib */; };
		D2F2B67916D465F200E9188F /* OpenGLES.framework in Frameworks */ = {isa = PBXBuildFile; fileRef = D2F2B67816D465F100E9188F /* OpenGLES.framework */; };
		D2F2B67B16D465F800E9188F /* QuartzCore.framework in Frameworks */ = {isa = PBXBuildFile; fileRef = D2F2B67A16D465F800E9188F /* QuartzCore.framework */; };
		D2F2B67D16D4660600E9188F /* SystemConfiguration.framework in Frameworks */ = {isa = PBXBuildFile; fileRef = D2F2B67C16D4660600E9188F /* SystemConfiguration.framework */; };
		D2F2B68016D5B4A100E9188F /* MapKitViewController.m in Sources */ = {isa = PBXBuildFile; fileRef = D2F2B67F16D5B4A100E9188F /* MapKitViewController.m */; };
		D2F2B68216D5B6FA00E9188F /* MapKit.framework in Frameworks */ = {isa = PBXBuildFile; fileRef = D2F2B68116D5B6FA00E9188F /* MapKit.framework */; };
/* End PBXBuildFile section */

/* Begin PBXFileReference section */
		D25E67E716BB5CEF00100FEA /* BikeNav.app */ = {isa = PBXFileReference; explicitFileType = wrapper.application; includeInIndex = 0; path = BikeNav.app; sourceTree = BUILT_PRODUCTS_DIR; };
		D25E67EB16BB5CEF00100FEA /* UIKit.framework */ = {isa = PBXFileReference; lastKnownFileType = wrapper.framework; name = UIKit.framework; path = System/Library/Frameworks/UIKit.framework; sourceTree = SDKROOT; };
		D25E67ED16BB5CEF00100FEA /* Foundation.framework */ = {isa = PBXFileReference; lastKnownFileType = wrapper.framework; name = Foundation.framework; path = System/Library/Frameworks/Foundation.framework; sourceTree = SDKROOT; };
		D25E67EF16BB5CEF00100FEA /* CoreGraphics.framework */ = {isa = PBXFileReference; lastKnownFileType = wrapper.framework; name = CoreGraphics.framework; path = System/Library/Frameworks/CoreGraphics.framework; sourceTree = SDKROOT; };
		D25E67F316BB5CEF00100FEA /* BikeNav-Info.plist */ = {isa = PBXFileReference; lastKnownFileType = text.plist.xml; path = "BikeNav-Info.plist"; sourceTree = "<group>"; };
		D25E67F516BB5CEF00100FEA /* en */ = {isa = PBXFileReference; lastKnownFileType = text.plist.strings; name = en; path = en.lproj/InfoPlist.strings; sourceTree = "<group>"; };
		D25E67F716BB5CEF00100FEA /* main.m */ = {isa = PBXFileReference; lastKnownFileType = sourcecode.c.objc; path = main.m; sourceTree = "<group>"; };
		D25E67F916BB5CEF00100FEA /* BikeNav-Prefix.pch */ = {isa = PBXFileReference; lastKnownFileType = sourcecode.c.h; path = "BikeNav-Prefix.pch"; sourceTree = "<group>"; };
		D25E67FA16BB5CEF00100FEA /* AppDelegate.h */ = {isa = PBXFileReference; lastKnownFileType = sourcecode.c.h; path = AppDelegate.h; sourceTree = "<group>"; };
		D25E67FB16BB5CEF00100FEA /* AppDelegate.m */ = {isa = PBXFileReference; lastKnownFileType = sourcecode.c.objc; path = AppDelegate.m; sourceTree = "<group>"; };
		D25E67FD16BB5CEF00100FEA /* Default.png */ = {isa = PBXFileReference; lastKnownFileType = image.png; path = Default.png; sourceTree = "<group>"; };
		D25E67FF16BB5CEF00100FEA /* Default@2x.png */ = {isa = PBXFileReference; lastKnownFileType = image.png; path = "Default@2x.png"; sourceTree = "<group>"; };
		D25E680116BB5CEF00100FEA /* Default-568h@2x.png */ = {isa = PBXFileReference; lastKnownFileType = image.png; path = "Default-568h@2x.png"; sourceTree = "<group>"; };
		D25E680616BB5CEF00100FEA /* HomeViewController.h */ = {isa = PBXFileReference; lastKnownFileType = sourcecode.c.h; path = HomeViewController.h; sourceTree = "<group>"; };
		D25E680716BB5CEF00100FEA /* HomeViewController.m */ = {isa = PBXFileReference; lastKnownFileType = sourcecode.c.objc; path = HomeViewController.m; sourceTree = "<group>"; };
		D25E680E16BB774900100FEA /* CFNetwork.framework */ = {isa = PBXFileReference; lastKnownFileType = wrapper.framework; name = CFNetwork.framework; path = System/Library/Frameworks/CFNetwork.framework; sourceTree = SDKROOT; };
		D25E681016BB775C00100FEA /* CoreData.framework */ = {isa = PBXFileReference; lastKnownFileType = wrapper.framework; name = CoreData.framework; path = System/Library/Frameworks/CoreData.framework; sourceTree = SDKROOT; };
		D25E682D16C08FD800100FEA /* AuthViewController.h */ = {isa = PBXFileReference; fileEncoding = 4; lastKnownFileType = sourcecode.c.h; path = AuthViewController.h; sourceTree = "<group>"; };
		D25E682E16C08FD800100FEA /* AuthViewController.m */ = {isa = PBXFileReference; fileEncoding = 4; lastKnownFileType = sourcecode.c.objc; path = AuthViewController.m; sourceTree = "<group>"; };
		D25E683016C08FE900100FEA /* MapViewController.h */ = {isa = PBXFileReference; fileEncoding = 4; lastKnownFileType = sourcecode.c.h; path = MapViewController.h; sourceTree = "<group>"; };
		D25E683116C08FE900100FEA /* MapViewController.m */ = {isa = PBXFileReference; fileEncoding = 4; lastKnownFileType = sourcecode.c.objc; path = MapViewController.m; sourceTree = "<group>"; };
		D25E683316C0919000100FEA /* User.h */ = {isa = PBXFileReference; fileEncoding = 4; lastKnownFileType = sourcecode.c.h; path = User.h; sourceTree = "<group>"; };
		D25E683416C0919000100FEA /* User.m */ = {isa = PBXFileReference; fileEncoding = 4; lastKnownFileType = sourcecode.c.objc; path = User.m; sourceTree = "<group>"; };
		D25E683616C091A100100FEA /* Ride.h */ = {isa = PBXFileReference; fileEncoding = 4; lastKnownFileType = sourcecode.c.h; path = Ride.h; sourceTree = "<group>"; };
		D25E683716C091A100100FEA /* Ride.m */ = {isa = PBXFileReference; fileEncoding = 4; lastKnownFileType = sourcecode.c.objc; path = Ride.m; sourceTree = "<group>"; };
		D25E683916C1AC4200100FEA /* History.h */ = {isa = PBXFileReference; fileEncoding = 4; lastKnownFileType = sourcecode.c.h; path = History.h; sourceTree = "<group>"; };
		D25E683A16C1AC4200100FEA /* History.m */ = {isa = PBXFileReference; fileEncoding = 4; lastKnownFileType = sourcecode.c.objc; path = History.m; sourceTree = "<group>"; };
		D25E683C16C1AC5D00100FEA /* Settings.h */ = {isa = PBXFileReference; fileEncoding = 4; lastKnownFileType = sourcecode.c.h; path = Settings.h; sourceTree = "<group>"; };
		D25E683D16C1AC5D00100FEA /* Settings.m */ = {isa = PBXFileReference; fileEncoding = 4; lastKnownFileType = sourcecode.c.objc; path = Settings.m; sourceTree = "<group>"; };
		D28E4E1D16C5C0F90053CB91 /* CoreMotion.framework */ = {isa = PBXFileReference; lastKnownFileType = wrapper.framework; name = CoreMotion.framework; path = System/Library/Frameworks/CoreMotion.framework; sourceTree = SDKROOT; };
		D294479716CB132C0022D96A /* CoreLocation.framework */ = {isa = PBXFileReference; lastKnownFileType = wrapper.framework; name = CoreLocation.framework; path = System/Library/Frameworks/CoreLocation.framework; sourceTree = SDKROOT; };
		D29447A016CC41FD0022D96A /* TimeDisplay.h */ = {isa = PBXFileReference; fileEncoding = 4; lastKnownFileType = sourcecode.c.h; path = TimeDisplay.h; sourceTree = "<group>"; };
		D29447A116CC41FD0022D96A /* TimeDisplay.m */ = {isa = PBXFileReference; fileEncoding = 4; lastKnownFileType = sourcecode.c.objc; path = TimeDisplay.m; sourceTree = "<group>"; };
		D29447A316CC50C60022D96A /* DistanceDisplay.h */ = {isa = PBXFileReference; fileEncoding = 4; lastKnownFileType = sourcecode.c.h; path = DistanceDisplay.h; sourceTree = "<group>"; };
		D29447A416CC50C60022D96A /* DistanceDisplay.m */ = {isa = PBXFileReference; fileEncoding = 4; lastKnownFileType = sourcecode.c.objc; path = DistanceDisplay.m; sourceTree = "<group>"; };
		D29447A616CC50D50022D96A /* SpeedDisplay.h */ = {isa = PBXFileReference; fileEncoding = 4; lastKnownFileType = sourcecode.c.h; path = SpeedDisplay.h; sourceTree = "<group>"; };
		D29447A716CC50D50022D96A /* SpeedDisplay.m */ = {isa = PBXFileReference; fileEncoding = 4; lastKnownFileType = sourcecode.c.objc; path = SpeedDisplay.m; sourceTree = "<group>"; };
		D29447A916CC87B60022D96A /* TabBarController.h */ = {isa = PBXFileReference; fileEncoding = 4; lastKnownFileType = sourcecode.c.h; path = TabBarController.h; sourceTree = "<group>"; };
		D29447AA16CC87B70022D96A /* TabBarController.m */ = {isa = PBXFileReference; fileEncoding = 4; lastKnownFileType = sourcecode.c.objc; path = TabBarController.m; sourceTree = "<group>"; };
		D2A37F3416F00F7C0094B808 /* HomeView.h */ = {isa = PBXFileReference; fileEncoding = 4; lastKnownFileType = sourcecode.c.h; path = HomeView.h; sourceTree = "<group>"; };
		D2A37F3516F00F7C0094B808 /* HomeView.m */ = {isa = PBXFileReference; fileEncoding = 4; lastKnownFileType = sourcecode.c.objc; path = HomeView.m; sourceTree = "<group>"; };
		D2A37F3816F026150094B808 /* en */ = {isa = PBXFileReference; lastKnownFileType = file.storyboard; name = en; path = en.lproj/MainStoryboard.storyboard; sourceTree = "<group>"; };
		D2AA1F6816DD9B82002B75D9 /* Route.h */ = {isa = PBXFileReference; fileEncoding = 4; lastKnownFileType = sourcecode.c.h; path = Route.h; sourceTree = "<group>"; };
		D2AA1F6916DD9B82002B75D9 /* Route.m */ = {isa = PBXFileReference; fileEncoding = 4; lastKnownFileType = sourcecode.c.objc; path = Route.m; sourceTree = "<group>"; };
		D2AA1F6B16DDA1D1002B75D9 /* RouteView.h */ = {isa = PBXFileReference; fileEncoding = 4; lastKnownFileType = sourcecode.c.h; path = RouteView.h; sourceTree = "<group>"; };
		D2AA1F6C16DDA1D1002B75D9 /* RouteView.m */ = {isa = PBXFileReference; fileEncoding = 4; lastKnownFileType = sourcecode.c.objc; path = RouteView.m; sourceTree = "<group>"; };
		D2F2B66416D4648600E9188F /* GoogleMaps.framework */ = {isa = PBXFileReference; lastKnownFileType = wrapper.framework; path = GoogleMaps.framework; sourceTree = "<group>"; };
		D2F2B66816D464EF00E9188F /* GoogleMaps.bundle */ = {isa = PBXFileReference; lastKnownFileType = "wrapper.plug-in"; name = GoogleMaps.bundle; path = GoogleMaps.framework/Versions/A/Resources/GoogleMaps.bundle; sourceTree = "<group>"; };
		D2F2B66A16D465A600E9188F /* AVFoundation.framework */ = {isa = PBXFileReference; lastKnownFileType = wrapper.framework; name = AVFoundation.framework; path = System/Library/Frameworks/AVFoundation.framework; sourceTree = SDKROOT; };
		D2F2B66C16D465B700E9188F /* CoreText.framework */ = {isa = PBXFileReference; lastKnownFileType = wrapper.framework; name = CoreText.framework; path = System/Library/Frameworks/CoreText.framework; sourceTree = SDKROOT; };
		D2F2B66E16D465BE00E9188F /* GLKit.framework */ = {isa = PBXFileReference; lastKnownFileType = wrapper.framework; name = GLKit.framework; path = System/Library/Frameworks/GLKit.framework; sourceTree = SDKROOT; };
		D2F2B67016D465C700E9188F /* ImageIO.framework */ = {isa = PBXFileReference; lastKnownFileType = wrapper.framework; name = ImageIO.framework; path = System/Library/Frameworks/ImageIO.framework; sourceTree = SDKROOT; };
		D2F2B67216D465D500E9188F /* libicucore.dylib */ = {isa = PBXFileReference; lastKnownFileType = "compiled.mach-o.dylib"; name = libicucore.dylib; path = usr/lib/libicucore.dylib; sourceTree = SDKROOT; };
		D2F2B67416D465E000E9188F /* libstdc++.dylib */ = {isa = PBXFileReference; lastKnownFileType = "compiled.mach-o.dylib"; name = "libstdc++.dylib"; path = "usr/lib/libstdc++.dylib"; sourceTree = SDKROOT; };
		D2F2B67616D465EA00E9188F /* libz.dylib */ = {isa = PBXFileReference; lastKnownFileType = "compiled.mach-o.dylib"; name = libz.dylib; path = usr/lib/libz.dylib; sourceTree = SDKROOT; };
		D2F2B67816D465F100E9188F /* OpenGLES.framework */ = {isa = PBXFileReference; lastKnownFileType = wrapper.framework; name = OpenGLES.framework; path = System/Library/Frameworks/OpenGLES.framework; sourceTree = SDKROOT; };
		D2F2B67A16D465F800E9188F /* QuartzCore.framework */ = {isa = PBXFileReference; lastKnownFileType = wrapper.framework; name = QuartzCore.framework; path = System/Library/Frameworks/QuartzCore.framework; sourceTree = SDKROOT; };
		D2F2B67C16D4660600E9188F /* SystemConfiguration.framework */ = {isa = PBXFileReference; lastKnownFileType = wrapper.framework; name = SystemConfiguration.framework; path = System/Library/Frameworks/SystemConfiguration.framework; sourceTree = SDKROOT; };
		D2F2B67E16D5B4A100E9188F /* MapKitViewController.h */ = {isa = PBXFileReference; fileEncoding = 4; lastKnownFileType = sourcecode.c.h; path = MapKitViewController.h; sourceTree = "<group>"; };
		D2F2B67F16D5B4A100E9188F /* MapKitViewController.m */ = {isa = PBXFileReference; fileEncoding = 4; lastKnownFileType = sourcecode.c.objc; path = MapKitViewController.m; sourceTree = "<group>"; };
		D2F2B68116D5B6FA00E9188F /* MapKit.framework */ = {isa = PBXFileReference; lastKnownFileType = wrapper.framework; name = MapKit.framework; path = System/Library/Frameworks/MapKit.framework; sourceTree = SDKROOT; };
/* End PBXFileReference section */

/* Begin PBXFrameworksBuildPhase section */
		D25E67E416BB5CEF00100FEA /* Frameworks */ = {
			isa = PBXFrameworksBuildPhase;
			buildActionMask = 2147483647;
			files = (
				D2F2B68216D5B6FA00E9188F /* MapKit.framework in Frameworks */,
				D2F2B67D16D4660600E9188F /* SystemConfiguration.framework in Frameworks */,
				D2F2B67B16D465F800E9188F /* QuartzCore.framework in Frameworks */,
				D2F2B67916D465F200E9188F /* OpenGLES.framework in Frameworks */,
				D2F2B67716D465EA00E9188F /* libz.dylib in Frameworks */,
				D2F2B67516D465E000E9188F /* libstdc++.dylib in Frameworks */,
				D2F2B67316D465D500E9188F /* libicucore.dylib in Frameworks */,
				D2F2B67116D465C700E9188F /* ImageIO.framework in Frameworks */,
				D2F2B66F16D465BE00E9188F /* GLKit.framework in Frameworks */,
				D2F2B66D16D465B700E9188F /* CoreText.framework in Frameworks */,
				D25E681116BB775C00100FEA /* CoreData.framework in Frameworks */,
				D2F2B66B16D465A600E9188F /* AVFoundation.framework in Frameworks */,
				D294479816CB132C0022D96A /* CoreLocation.framework in Frameworks */,
				D28E4E1E16C5C0F90053CB91 /* CoreMotion.framework in Frameworks */,
				D25E680F16BB774900100FEA /* CFNetwork.framework in Frameworks */,
				D25E67EC16BB5CEF00100FEA /* UIKit.framework in Frameworks */,
				D25E67EE16BB5CEF00100FEA /* Foundation.framework in Frameworks */,
				D25E67F016BB5CEF00100FEA /* CoreGraphics.framework in Frameworks */,
				D2F2B66516D4648600E9188F /* GoogleMaps.framework in Frameworks */,
			);
			runOnlyForDeploymentPostprocessing = 0;
		};
/* End PBXFrameworksBuildPhase section */

/* Begin PBXGroup section */
		D25E67DC16BB5CEF00100FEA = {
			isa = PBXGroup;
			children = (
				D25E67F116BB5CEF00100FEA /* BikeNav */,
				D25E67EA16BB5CEF00100FEA /* Frameworks */,
				D25E67E816BB5CEF00100FEA /* Products */,
			);
			sourceTree = "<group>";
		};
		D25E67E816BB5CEF00100FEA /* Products */ = {
			isa = PBXGroup;
			children = (
				D25E67E716BB5CEF00100FEA /* BikeNav.app */,
			);
			name = Products;
			sourceTree = "<group>";
		};
		D25E67EA16BB5CEF00100FEA /* Frameworks */ = {
			isa = PBXGroup;
			children = (
				D2F2B67416D465E000E9188F /* libstdc++.dylib */,
				D2F2B67616D465EA00E9188F /* libz.dylib */,
				D2F2B67216D465D500E9188F /* libicucore.dylib */,
				D2F2B66816D464EF00E9188F /* GoogleMaps.bundle */,
				D2F2B68116D5B6FA00E9188F /* MapKit.framework */,
				D2F2B67C16D4660600E9188F /* SystemConfiguration.framework */,
				D2F2B67A16D465F800E9188F /* QuartzCore.framework */,
				D2F2B67816D465F100E9188F /* OpenGLES.framework */,
				D2F2B67016D465C700E9188F /* ImageIO.framework */,
				D2F2B66E16D465BE00E9188F /* GLKit.framework */,
				D2F2B66C16D465B700E9188F /* CoreText.framework */,
				D2F2B66A16D465A600E9188F /* AVFoundation.framework */,
				D2F2B66416D4648600E9188F /* GoogleMaps.framework */,
				D294479716CB132C0022D96A /* CoreLocation.framework */,
				D28E4E1D16C5C0F90053CB91 /* CoreMotion.framework */,
				D25E681016BB775C00100FEA /* CoreData.framework */,
				D25E680E16BB774900100FEA /* CFNetwork.framework */,
				D25E67EB16BB5CEF00100FEA /* UIKit.framework */,
				D25E67ED16BB5CEF00100FEA /* Foundation.framework */,
				D25E67EF16BB5CEF00100FEA /* CoreGraphics.framework */,
			);
			name = Frameworks;
			sourceTree = "<group>";
		};
		D25E67F116BB5CEF00100FEA /* BikeNav */ = {
			isa = PBXGroup;
			children = (
				D2A37F3716F026150094B808 /* MainStoryboard.storyboard */,
				D25E67FA16BB5CEF00100FEA /* AppDelegate.h */,
				D25E67FB16BB5CEF00100FEA /* AppDelegate.m */,
				D29447A916CC87B60022D96A /* TabBarController.h */,
				D29447AA16CC87B70022D96A /* TabBarController.m */,
				D25E680616BB5CEF00100FEA /* HomeViewController.h */,
				D25E680716BB5CEF00100FEA /* HomeViewController.m */,
				D25E682D16C08FD800100FEA /* AuthViewController.h */,
				D25E682E16C08FD800100FEA /* AuthViewController.m */,
				D25E683016C08FE900100FEA /* MapViewController.h */,
				D25E683116C08FE900100FEA /* MapViewController.m */,
				D2F2B67E16D5B4A100E9188F /* MapKitViewController.h */,
				D2F2B67F16D5B4A100E9188F /* MapKitViewController.m */,
				D2AA1F6816DD9B82002B75D9 /* Route.h */,
				D2AA1F6916DD9B82002B75D9 /* Route.m */,
				D2AA1F6B16DDA1D1002B75D9 /* RouteView.h */,
				D2AA1F6C16DDA1D1002B75D9 /* RouteView.m */,
				D25E683316C0919000100FEA /* User.h */,
				D25E683416C0919000100FEA /* User.m */,
				D25E683616C091A100100FEA /* Ride.h */,
				D25E683716C091A100100FEA /* Ride.m */,
				D25E683916C1AC4200100FEA /* History.h */,
				D25E683A16C1AC4200100FEA /* History.m */,
				D25E683C16C1AC5D00100FEA /* Settings.h */,
				D25E683D16C1AC5D00100FEA /* Settings.m */,
				D29447A016CC41FD0022D96A /* TimeDisplay.h */,
				D29447A116CC41FD0022D96A /* TimeDisplay.m */,
				D29447A316CC50C60022D96A /* DistanceDisplay.h */,
				D29447A416CC50C60022D96A /* DistanceDisplay.m */,
				D29447A616CC50D50022D96A /* SpeedDisplay.h */,
				D29447A716CC50D50022D96A /* SpeedDisplay.m */,
				D2A37F3416F00F7C0094B808 /* HomeView.h */,
				D2A37F3516F00F7C0094B808 /* HomeView.m */,
				D25E67F216BB5CEF00100FEA /* Supporting Files */,
			);
			path = BikeNav;
			sourceTree = "<group>";
		};
		D25E67F216BB5CEF00100FEA /* Supporting Files */ = {
			isa = PBXGroup;
			children = (
				D25E67F316BB5CEF00100FEA /* BikeNav-Info.plist */,
				D25E67F416BB5CEF00100FEA /* InfoPlist.strings */,
				D25E67F716BB5CEF00100FEA /* main.m */,
				D25E67F916BB5CEF00100FEA /* BikeNav-Prefix.pch */,
				D25E67FD16BB5CEF00100FEA /* Default.png */,
				D25E67FF16BB5CEF00100FEA /* Default@2x.png */,
				D25E680116BB5CEF00100FEA /* Default-568h@2x.png */,
			);
			name = "Supporting Files";
			sourceTree = "<group>";
		};
/* End PBXGroup section */

/* Begin PBXNativeTarget section */
		D25E67E616BB5CEF00100FEA /* BikeNav */ = {
			isa = PBXNativeTarget;
			buildConfigurationList = D25E680B16BB5CEF00100FEA /* Build configuration list for PBXNativeTarget "BikeNav" */;
			buildPhases = (
				D25E67E316BB5CEF00100FEA /* Sources */,
				D25E67E416BB5CEF00100FEA /* Frameworks */,
				D25E67E516BB5CEF00100FEA /* Resources */,
				EA7360B2281A43FE9A265EDB /* Copy Pods Resources */,
				E5FA40F5563C4A5ABAB4DC2C /* Copy Pods Resources */,
			);
			buildRules = (
			);
			dependencies = (
			);
			name = BikeNav;
			productName = BikeNav;
			productReference = D25E67E716BB5CEF00100FEA /* BikeNav.app */;
			productType = "com.apple.product-type.application";
		};
/* End PBXNativeTarget section */

/* Begin PBXProject section */
		D25E67DE16BB5CEF00100FEA /* Project object */ = {
			isa = PBXProject;
			attributes = {
				LastUpgradeCheck = 0450;
				ORGANIZATIONNAME = "Russell Wyatt";
			};
			buildConfigurationList = D25E67E116BB5CEF00100FEA /* Build configuration list for PBXProject "BikeNav" */;
			compatibilityVersion = "Xcode 3.2";
			developmentRegion = English;
			hasScannedForEncodings = 0;
			knownRegions = (
				en,
			);
			mainGroup = D25E67DC16BB5CEF00100FEA;
			productRefGroup = D25E67E816BB5CEF00100FEA /* Products */;
			projectDirPath = "";
			projectRoot = "";
			targets = (
				D25E67E616BB5CEF00100FEA /* BikeNav */,
			);
		};
/* End PBXProject section */

/* Begin PBXResourcesBuildPhase section */
		D25E67E516BB5CEF00100FEA /* Resources */ = {
			isa = PBXResourcesBuildPhase;
			buildActionMask = 2147483647;
			files = (
				D25E67F616BB5CEF00100FEA /* InfoPlist.strings in Resources */,
				D25E67FE16BB5CEF00100FEA /* Default.png in Resources */,
				D25E680016BB5CEF00100FEA /* Default@2x.png in Resources */,
				D25E680216BB5CEF00100FEA /* Default-568h@2x.png in Resources */,
				D2F2B66916D464EF00E9188F /* GoogleMaps.bundle in Resources */,
				D2A37F3916F026150094B808 /* MainStoryboard.storyboard in Resources */,
			);
			runOnlyForDeploymentPostprocessing = 0;
		};
/* End PBXResourcesBuildPhase section */

/* Begin PBXShellScriptBuildPhase section */
		E5FA40F5563C4A5ABAB4DC2C /* Copy Pods Resources */ = {
			isa = PBXShellScriptBuildPhase;
			buildActionMask = 2147483647;
			files = (
			);
			inputPaths = (
			);
			name = "Copy Pods Resources";
			outputPaths = (
			);
			runOnlyForDeploymentPostprocessing = 0;
			shellPath = /bin/sh;
			shellScript = "\"${SRCROOT}/Pods/Pods-resources.sh\"\n";
		};
		EA7360B2281A43FE9A265EDB /* Copy Pods Resources */ = {
			isa = PBXShellScriptBuildPhase;
			buildActionMask = 2147483647;
			files = (
			);
			inputPaths = (
			);
			name = "Copy Pods Resources";
			outputPaths = (
			);
			runOnlyForDeploymentPostprocessing = 0;
			shellPath = /bin/sh;
			shellScript = "
";
		};
/* End PBXShellScriptBuildPhase section */

/* Begin PBXSourcesBuildPhase section */
		D25E67E316BB5CEF00100FEA /* Sources */ = {
			isa = PBXSourcesBuildPhase;
			buildActionMask = 2147483647;
			files = (
				D25E67F816BB5CEF00100FEA /* main.m in Sources */,
				D25E67FC16BB5CEF00100FEA /* AppDelegate.m in Sources */,
				D25E680816BB5CEF00100FEA /* HomeViewController.m in Sources */,
				D25E682F16C08FD800100FEA /* AuthViewController.m in Sources */,
				D25E683216C08FE900100FEA /* MapViewController.m in Sources */,
				D25E683516C0919000100FEA /* User.m in Sources */,
				D25E683816C091A100100FEA /* Ride.m in Sources */,
				D25E683B16C1AC4200100FEA /* History.m in Sources */,
				D25E683E16C1AC5D00100FEA /* Settings.m in Sources */,
				D29447A216CC41FD0022D96A /* TimeDisplay.m in Sources */,
				D29447A516CC50C60022D96A /* DistanceDisplay.m in Sources */,
				D29447A816CC50D50022D96A /* SpeedDisplay.m in Sources */,
				D29447AB16CC87B70022D96A /* TabBarController.m in Sources */,
				D2F2B68016D5B4A100E9188F /* MapKitViewController.m in Sources */,
				D2AA1F6A16DD9B82002B75D9 /* Route.m in Sources */,
				D2AA1F6D16DDA1D1002B75D9 /* RouteView.m in Sources */,
				D2A37F3616F00F7C0094B808 /* HomeView.m in Sources */,
			);
			runOnlyForDeploymentPostprocessing = 0;
		};
/* End PBXSourcesBuildPhase section */

/* Begin PBXVariantGroup section */
		D25E67F416BB5CEF00100FEA /* InfoPlist.strings */ = {
			isa = PBXVariantGroup;
			children = (
				D25E67F516BB5CEF00100FEA /* en */,
			);
			name = InfoPlist.strings;
			sourceTree = "<group>";
		};
		D2A37F3716F026150094B808 /* MainStoryboard.storyboard */ = {
			isa = PBXVariantGroup;
			children = (
				D2A37F3816F026150094B808 /* en */,
			);
			name = MainStoryboard.storyboard;
			sourceTree = "<group>";
		};
/* End PBXVariantGroup section */

/* Begin XCBuildConfiguration section */
		D25E680916BB5CEF00100FEA /* Debug */ = {
			isa = XCBuildConfiguration;
			buildSettings = {
				ALWAYS_SEARCH_USER_PATHS = NO;
				CLANG_CXX_LANGUAGE_STANDARD = "gnu++0x";
				CLANG_CXX_LIBRARY = "libc++";
				CLANG_ENABLE_OBJC_ARC = YES;
				CLANG_WARN_EMPTY_BODY = YES;
				CLANG_WARN__DUPLICATE_METHOD_MATCH = YES;
				"CODE_SIGN_IDENTITY[sdk=iphoneos*]" = "iPhone Developer";
				COPY_PHASE_STRIP = NO;
				GCC_C_LANGUAGE_STANDARD = gnu99;
				GCC_DYNAMIC_NO_PIC = NO;
				GCC_OPTIMIZATION_LEVEL = 0;
				GCC_PREPROCESSOR_DEFINITIONS = (
					"DEBUG=1",
					"$(inherited)",
				);
				GCC_SYMBOLS_PRIVATE_EXTERN = NO;
				GCC_WARN_ABOUT_RETURN_TYPE = YES;
				GCC_WARN_UNINITIALIZED_AUTOS = YES;
				GCC_WARN_UNUSED_VARIABLE = YES;
				HEADER_SEARCH_PATHS = (
					"$(BUILT_PRODUCTS_DIR)/**",
					"$(inherited)",
				);
				IPHONEOS_DEPLOYMENT_TARGET = 6.0;
				ONLY_ACTIVE_ARCH = YES;
				SDKROOT = iphoneos;
				VALID_ARCHS = "armv7s armv7";
			};
			name = Debug;
		};
		D25E680A16BB5CEF00100FEA /* Release */ = {
			isa = XCBuildConfiguration;
			buildSettings = {
				ALWAYS_SEARCH_USER_PATHS = NO;
				CLANG_CXX_LANGUAGE_STANDARD = "gnu++0x";
				CLANG_CXX_LIBRARY = "libc++";
				CLANG_ENABLE_OBJC_ARC = YES;
				CLANG_WARN_EMPTY_BODY = YES;
				CLANG_WARN__DUPLICATE_METHOD_MATCH = YES;
				"CODE_SIGN_IDENTITY[sdk=iphoneos*]" = "iPhone Developer";
				COPY_PHASE_STRIP = YES;
				GCC_C_LANGUAGE_STANDARD = gnu99;
				GCC_WARN_ABOUT_RETURN_TYPE = YES;
				GCC_WARN_UNINITIALIZED_AUTOS = YES;
				GCC_WARN_UNUSED_VARIABLE = YES;
				HEADER_SEARCH_PATHS = (
					"$(BUILT_PRODUCTS_DIR)/**",
					"$(inherited)",
				);
				IPHONEOS_DEPLOYMENT_TARGET = 6.0;
				ONLY_ACTIVE_ARCH = YES;
				OTHER_CFLAGS = "-DNS_BLOCK_ASSERTIONS=1";
				SDKROOT = iphoneos;
				VALIDATE_PRODUCT = YES;
				VALID_ARCHS = "armv7s armv7";
			};
			name = Release;
		};
		D25E680C16BB5CEF00100FEA /* Debug */ = {
			isa = XCBuildConfiguration;
			buildSettings = {
				ARCHS = armv7;
				FRAMEWORK_SEARCH_PATHS = (
					"$(inherited)",
					"\"$(SRCROOT)\"",
				);
				GCC_PRECOMPILE_PREFIX_HEADER = YES;
				GCC_PREFIX_HEADER = "BikeNav/BikeNav-Prefix.pch";
				HEADER_SEARCH_PATHS = (
					"$(BUILT_PRODUCTS_DIR)",
					"$(inclusive)",
				);
				INFOPLIST_FILE = "BikeNav/BikeNav-Info.plist";
				OTHER_LDFLAGS = "-ObjC";
				PRODUCT_NAME = "$(TARGET_NAME)";
				WRAPPER_EXTENSION = app;
			};
			name = Debug;
		};
		D25E680D16BB5CEF00100FEA /* Release */ = {
			isa = XCBuildConfiguration;
			buildSettings = {
				ARCHS = armv7;
				FRAMEWORK_SEARCH_PATHS = (
					"$(inherited)",
					"\"$(SRCROOT)\"",
				);
				GCC_PRECOMPILE_PREFIX_HEADER = YES;
				GCC_PREFIX_HEADER = "BikeNav/BikeNav-Prefix.pch";
				HEADER_SEARCH_PATHS = (
					"$(BUILT_PRODUCTS_DIR)",
					"$(inclusive)",
				);
				INFOPLIST_FILE = "BikeNav/BikeNav-Info.plist";
				OTHER_LDFLAGS = "-ObjC";
				PRODUCT_NAME = "$(TARGET_NAME)";
				WRAPPER_EXTENSION = app;
			};
			name = Release;
		};
/* End XCBuildConfiguration section */

/* Begin XCConfigurationList section */
		D25E67E116BB5CEF00100FEA /* Build configuration list for PBXProject "BikeNav" */ = {
			isa = XCConfigurationList;
			buildConfigurations = (
				D25E680916BB5CEF00100FEA /* Debug */,
				D25E680A16BB5CEF00100FEA /* Release */,
			);
			defaultConfigurationIsVisible = 0;
			defaultConfigurationName = Release;
		};
		D25E680B16BB5CEF00100FEA /* Build configuration list for PBXNativeTarget "BikeNav" */ = {
			isa = XCConfigurationList;
			buildConfigurations = (
				D25E680C16BB5CEF00100FEA /* Debug */,
				D25E680D16BB5CEF00100FEA /* Release */,
			);
			defaultConfigurationIsVisible = 0;
			defaultConfigurationName = Release;
		};
/* End XCConfigurationList section */
	};
	rootObject = D25E67DE16BB5CEF00100FEA /* Project object */;
}
